// !$*UTF8*$!
{
	archiveVersion = 1;
	classes = {
	};
	objectVersion = 50;
	objects = {

/* Begin PBXBuildFile section */
		27373530266B722F008DD992 /* EssentialFeed.framework in Frameworks */ = {isa = PBXBuildFile; fileRef = 27373526266B722F008DD992 /* EssentialFeed.framework */; };
		27373535266B722F008DD992 /* EssentialFeedTests.swift in Sources */ = {isa = PBXBuildFile; fileRef = 27373534266B722F008DD992 /* EssentialFeedTests.swift */; };
		27373537266B722F008DD992 /* EssentialFeed.h in Headers */ = {isa = PBXBuildFile; fileRef = 27373529266B722F008DD992 /* EssentialFeed.h */; settings = {ATTRIBUTES = (Public, ); }; };
		27373543266B730E008DD992 /* FeedImage.swift in Sources */ = {isa = PBXBuildFile; fileRef = 27373542266B730E008DD992 /* FeedImage.swift */; };
		27373545266B7343008DD992 /* FeedLoader.swift in Sources */ = {isa = PBXBuildFile; fileRef = 27373544266B7343008DD992 /* FeedLoader.swift */; };
		2737354A266B7EC5008DD992 /* LoadFeedFromRemoteUseCaseTests.swift in Sources */ = {isa = PBXBuildFile; fileRef = 27373549266B7EC5008DD992 /* LoadFeedFromRemoteUseCaseTests.swift */; };
		2737354D266B8757008DD992 /* RemoteFeedLoader.swift in Sources */ = {isa = PBXBuildFile; fileRef = 2737354C266B8757008DD992 /* RemoteFeedLoader.swift */; };
		2742FDFB26FDB669009AE792 /* CacheFeedUseCaseTests.swift in Sources */ = {isa = PBXBuildFile; fileRef = 2742FDFA26FDB669009AE792 /* CacheFeedUseCaseTests.swift */; };
		2742FDFE26FDE0DB009AE792 /* LocalFeedLoader.swift in Sources */ = {isa = PBXBuildFile; fileRef = 2742FDFD26FDE0DB009AE792 /* LocalFeedLoader.swift */; };
		2742FE0026FDE164009AE792 /* FeedStore.swift in Sources */ = {isa = PBXBuildFile; fileRef = 2742FDFF26FDE164009AE792 /* FeedStore.swift */; };
		274B3B2D2792E8DA0010C350 /* CodableFeedStore.swift in Sources */ = {isa = PBXBuildFile; fileRef = 274B3B2C2792E8DA0010C350 /* CodableFeedStore.swift */; };
		274B3B2F2793F4E70010C350 /* FeedStoreSpecs.swift in Sources */ = {isa = PBXBuildFile; fileRef = 274B3B2E2793F4E70010C350 /* FeedStoreSpecs.swift */; };
		274B3B312793F5820010C350 /* XCTestCase+FeedStoreSpecs.swift in Sources */ = {isa = PBXBuildFile; fileRef = 274B3B302793F5820010C350 /* XCTestCase+FeedStoreSpecs.swift */; };
		274B3B332793FA460010C350 /* XCTestCase+FailableRetrieveFeedStoreSpecs.swift in Sources */ = {isa = PBXBuildFile; fileRef = 274B3B322793FA460010C350 /* XCTestCase+FailableRetrieveFeedStoreSpecs.swift */; };
		274B3B352793FAD30010C350 /* XCTestCase+FailableInsertFeedStoreSpecs.swift in Sources */ = {isa = PBXBuildFile; fileRef = 274B3B342793FAD30010C350 /* XCTestCase+FailableInsertFeedStoreSpecs.swift */; };
		274B3B372793FBBC0010C350 /* XCTestCase+FailableDeleteFeedStoreSpecs.swift in Sources */ = {isa = PBXBuildFile; fileRef = 274B3B362793FBBC0010C350 /* XCTestCase+FailableDeleteFeedStoreSpecs.swift */; };
		274B3B3A2794059F0010C350 /* CoreDataFeedStoreTests.swift in Sources */ = {isa = PBXBuildFile; fileRef = 274B3B392794059F0010C350 /* CoreDataFeedStoreTests.swift */; };
		274B3B3C27940C220010C350 /* CoreDataFeedStore.swift in Sources */ = {isa = PBXBuildFile; fileRef = 274B3B3B27940C220010C350 /* CoreDataFeedStore.swift */; };
		2752C910267F26BD006C7ED0 /* HTTPClient.swift in Sources */ = {isa = PBXBuildFile; fileRef = 2752C90F267F26BD006C7ED0 /* HTTPClient.swift */; };
		2752C912267F2708006C7ED0 /* FeedItemsMapper.swift in Sources */ = {isa = PBXBuildFile; fileRef = 2752C911267F2708006C7ED0 /* FeedItemsMapper.swift */; };
		27662B6F278C35DF00658061 /* RemoteFeedItem.swift in Sources */ = {isa = PBXBuildFile; fileRef = 27662B6E278C35DF00658061 /* RemoteFeedItem.swift */; };
		27662B71278C35FA00658061 /* LocalFeedImage.swift in Sources */ = {isa = PBXBuildFile; fileRef = 27662B70278C35FA00658061 /* LocalFeedImage.swift */; };
		27662B73278D68D800658061 /* LoadFeedFromCacheUseCaseTests.swift in Sources */ = {isa = PBXBuildFile; fileRef = 27662B72278D68D800658061 /* LoadFeedFromCacheUseCaseTests.swift */; };
		27662B76278DAE3300658061 /* FeedStoreSpy.swift in Sources */ = {isa = PBXBuildFile; fileRef = 27662B75278DAE3300658061 /* FeedStoreSpy.swift */; };
		27662B78278EC8C400658061 /* ValidateFeedCacheUseCaseTests.swift in Sources */ = {isa = PBXBuildFile; fileRef = 27662B77278EC8C400658061 /* ValidateFeedCacheUseCaseTests.swift */; };
		27662B7A278ECDEF00658061 /* FeedCacheTestHelpers.swift in Sources */ = {isa = PBXBuildFile; fileRef = 27662B79278ECDEF00658061 /* FeedCacheTestHelpers.swift */; };
		27662B7C278ECF4800658061 /* SharedTestHelpers.swift in Sources */ = {isa = PBXBuildFile; fileRef = 27662B7B278ECF4800658061 /* SharedTestHelpers.swift */; };
		27662B7E278EE3B000658061 /* FeedCachePolicy.swift in Sources */ = {isa = PBXBuildFile; fileRef = 27662B7D278EE3B000658061 /* FeedCachePolicy.swift */; };
		27662B80279005FA00658061 /* CodableFeedStoreTests.swift in Sources */ = {isa = PBXBuildFile; fileRef = 27662B7F279005FA00658061 /* CodableFeedStoreTests.swift */; };
		2778F8DB26B1603B00B45E90 /* XCTTestCaseMemoryLeakTrackingHelper.swift in Sources */ = {isa = PBXBuildFile; fileRef = 2778F8DA26B1603B00B45E90 /* XCTTestCaseMemoryLeakTrackingHelper.swift */; };
		2778F8DD26B18A9A00B45E90 /* URLSessionHTTPClient.swift in Sources */ = {isa = PBXBuildFile; fileRef = 2778F8DC26B18A9A00B45E90 /* URLSessionHTTPClient.swift */; };
		2778F8E526B4065600B45E90 /* EssentialFeedAPIEndToEndTests.swift in Sources */ = {isa = PBXBuildFile; fileRef = 2778F8E426B4065600B45E90 /* EssentialFeedAPIEndToEndTests.swift */; };
		2778F8E726B4065600B45E90 /* EssentialFeed.framework in Frameworks */ = {isa = PBXBuildFile; fileRef = 27373526266B722F008DD992 /* EssentialFeed.framework */; };
		2778F8ED26B80B1C00B45E90 /* XCTTestCaseMemoryLeakTrackingHelper.swift in Sources */ = {isa = PBXBuildFile; fileRef = 2778F8DA26B1603B00B45E90 /* XCTTestCaseMemoryLeakTrackingHelper.swift */; };
		278AB2A8279434F200CDC931 /* FeedStore.xcdatamodeld in Sources */ = {isa = PBXBuildFile; fileRef = 278AB2A6279434F200CDC931 /* FeedStore.xcdatamodeld */; };
		27E8C769269D628C004D03E2 /* HTTPClientURLSessionTests.swift in Sources */ = {isa = PBXBuildFile; fileRef = 27E8C768269D628C004D03E2 /* HTTPClientURLSessionTests.swift */; };
/* End PBXBuildFile section */

/* Begin PBXContainerItemProxy section */
		27373531266B722F008DD992 /* PBXContainerItemProxy */ = {
			isa = PBXContainerItemProxy;
			containerPortal = 2737351D266B722F008DD992 /* Project object */;
			proxyType = 1;
			remoteGlobalIDString = 27373525266B722F008DD992;
			remoteInfo = EssentialFeed;
		};
		2778F8E826B4065600B45E90 /* PBXContainerItemProxy */ = {
			isa = PBXContainerItemProxy;
			containerPortal = 2737351D266B722F008DD992 /* Project object */;
			proxyType = 1;
			remoteGlobalIDString = 27373525266B722F008DD992;
			remoteInfo = EssentialFeed;
		};
/* End PBXContainerItemProxy section */

/* Begin PBXFileReference section */
		27373526266B722F008DD992 /* EssentialFeed.framework */ = {isa = PBXFileReference; explicitFileType = wrapper.framework; includeInIndex = 0; path = EssentialFeed.framework; sourceTree = BUILT_PRODUCTS_DIR; };
		27373529266B722F008DD992 /* EssentialFeed.h */ = {isa = PBXFileReference; lastKnownFileType = sourcecode.c.h; path = EssentialFeed.h; sourceTree = "<group>"; };
		2737352A266B722F008DD992 /* Info.plist */ = {isa = PBXFileReference; lastKnownFileType = text.plist.xml; path = Info.plist; sourceTree = "<group>"; };
		2737352F266B722F008DD992 /* EssentialFeedTests.xctest */ = {isa = PBXFileReference; explicitFileType = wrapper.cfbundle; includeInIndex = 0; path = EssentialFeedTests.xctest; sourceTree = BUILT_PRODUCTS_DIR; };
		27373534266B722F008DD992 /* EssentialFeedTests.swift */ = {isa = PBXFileReference; lastKnownFileType = sourcecode.swift; path = EssentialFeedTests.swift; sourceTree = "<group>"; };
		27373536266B722F008DD992 /* Info.plist */ = {isa = PBXFileReference; lastKnownFileType = text.plist.xml; path = Info.plist; sourceTree = "<group>"; };
		27373542266B730E008DD992 /* FeedImage.swift */ = {isa = PBXFileReference; lastKnownFileType = sourcecode.swift; path = FeedImage.swift; sourceTree = "<group>"; };
		27373544266B7343008DD992 /* FeedLoader.swift */ = {isa = PBXFileReference; lastKnownFileType = sourcecode.swift; path = FeedLoader.swift; sourceTree = "<group>"; };
		27373549266B7EC5008DD992 /* LoadFeedFromRemoteUseCaseTests.swift */ = {isa = PBXFileReference; lastKnownFileType = sourcecode.swift; path = LoadFeedFromRemoteUseCaseTests.swift; sourceTree = "<group>"; };
		2737354C266B8757008DD992 /* RemoteFeedLoader.swift */ = {isa = PBXFileReference; lastKnownFileType = sourcecode.swift; path = RemoteFeedLoader.swift; sourceTree = "<group>"; };
		2742FDFA26FDB669009AE792 /* CacheFeedUseCaseTests.swift */ = {isa = PBXFileReference; lastKnownFileType = sourcecode.swift; path = CacheFeedUseCaseTests.swift; sourceTree = "<group>"; };
		2742FDFD26FDE0DB009AE792 /* LocalFeedLoader.swift */ = {isa = PBXFileReference; lastKnownFileType = sourcecode.swift; path = LocalFeedLoader.swift; sourceTree = "<group>"; };
		2742FDFF26FDE164009AE792 /* FeedStore.swift */ = {isa = PBXFileReference; lastKnownFileType = sourcecode.swift; path = FeedStore.swift; sourceTree = "<group>"; };
		274B3B2C2792E8DA0010C350 /* CodableFeedStore.swift */ = {isa = PBXFileReference; lastKnownFileType = sourcecode.swift; path = CodableFeedStore.swift; sourceTree = "<group>"; };
		274B3B2E2793F4E70010C350 /* FeedStoreSpecs.swift */ = {isa = PBXFileReference; lastKnownFileType = sourcecode.swift; path = FeedStoreSpecs.swift; sourceTree = "<group>"; };
		274B3B302793F5820010C350 /* XCTestCase+FeedStoreSpecs.swift */ = {isa = PBXFileReference; lastKnownFileType = sourcecode.swift; path = "XCTestCase+FeedStoreSpecs.swift"; sourceTree = "<group>"; };
		274B3B322793FA460010C350 /* XCTestCase+FailableRetrieveFeedStoreSpecs.swift */ = {isa = PBXFileReference; lastKnownFileType = sourcecode.swift; path = "XCTestCase+FailableRetrieveFeedStoreSpecs.swift"; sourceTree = "<group>"; };
		274B3B342793FAD30010C350 /* XCTestCase+FailableInsertFeedStoreSpecs.swift */ = {isa = PBXFileReference; lastKnownFileType = sourcecode.swift; path = "XCTestCase+FailableInsertFeedStoreSpecs.swift"; sourceTree = "<group>"; };
		274B3B362793FBBC0010C350 /* XCTestCase+FailableDeleteFeedStoreSpecs.swift */ = {isa = PBXFileReference; lastKnownFileType = sourcecode.swift; path = "XCTestCase+FailableDeleteFeedStoreSpecs.swift"; sourceTree = "<group>"; };
		274B3B392794059F0010C350 /* CoreDataFeedStoreTests.swift */ = {isa = PBXFileReference; lastKnownFileType = sourcecode.swift; path = CoreDataFeedStoreTests.swift; sourceTree = "<group>"; };
		274B3B3B27940C220010C350 /* CoreDataFeedStore.swift */ = {isa = PBXFileReference; lastKnownFileType = sourcecode.swift; path = CoreDataFeedStore.swift; sourceTree = "<group>"; };
		2752C90F267F26BD006C7ED0 /* HTTPClient.swift */ = {isa = PBXFileReference; lastKnownFileType = sourcecode.swift; path = HTTPClient.swift; sourceTree = "<group>"; };
		2752C911267F2708006C7ED0 /* FeedItemsMapper.swift */ = {isa = PBXFileReference; lastKnownFileType = sourcecode.swift; path = FeedItemsMapper.swift; sourceTree = "<group>"; };
		27662B6E278C35DF00658061 /* RemoteFeedItem.swift */ = {isa = PBXFileReference; lastKnownFileType = sourcecode.swift; path = RemoteFeedItem.swift; sourceTree = "<group>"; };
		27662B70278C35FA00658061 /* LocalFeedImage.swift */ = {isa = PBXFileReference; lastKnownFileType = sourcecode.swift; path = LocalFeedImage.swift; sourceTree = "<group>"; };
		27662B72278D68D800658061 /* LoadFeedFromCacheUseCaseTests.swift */ = {isa = PBXFileReference; lastKnownFileType = sourcecode.swift; path = LoadFeedFromCacheUseCaseTests.swift; sourceTree = "<group>"; };
		27662B75278DAE3300658061 /* FeedStoreSpy.swift */ = {isa = PBXFileReference; lastKnownFileType = sourcecode.swift; path = FeedStoreSpy.swift; sourceTree = "<group>"; };
		27662B77278EC8C400658061 /* ValidateFeedCacheUseCaseTests.swift */ = {isa = PBXFileReference; lastKnownFileType = sourcecode.swift; path = ValidateFeedCacheUseCaseTests.swift; sourceTree = "<group>"; };
		27662B79278ECDEF00658061 /* FeedCacheTestHelpers.swift */ = {isa = PBXFileReference; lastKnownFileType = sourcecode.swift; path = FeedCacheTestHelpers.swift; sourceTree = "<group>"; };
		27662B7B278ECF4800658061 /* SharedTestHelpers.swift */ = {isa = PBXFileReference; lastKnownFileType = sourcecode.swift; path = SharedTestHelpers.swift; sourceTree = "<group>"; };
		27662B7D278EE3B000658061 /* FeedCachePolicy.swift */ = {isa = PBXFileReference; lastKnownFileType = sourcecode.swift; path = FeedCachePolicy.swift; sourceTree = "<group>"; };
		27662B7F279005FA00658061 /* CodableFeedStoreTests.swift */ = {isa = PBXFileReference; lastKnownFileType = sourcecode.swift; path = CodableFeedStoreTests.swift; sourceTree = "<group>"; };
		2778F8DA26B1603B00B45E90 /* XCTTestCaseMemoryLeakTrackingHelper.swift */ = {isa = PBXFileReference; lastKnownFileType = sourcecode.swift; path = XCTTestCaseMemoryLeakTrackingHelper.swift; sourceTree = "<group>"; };
		2778F8DC26B18A9A00B45E90 /* URLSessionHTTPClient.swift */ = {isa = PBXFileReference; lastKnownFileType = sourcecode.swift; path = URLSessionHTTPClient.swift; sourceTree = "<group>"; };
		2778F8E226B4065600B45E90 /* EssentialFeedAPIEndToEndTests.xctest */ = {isa = PBXFileReference; explicitFileType = wrapper.cfbundle; includeInIndex = 0; path = EssentialFeedAPIEndToEndTests.xctest; sourceTree = BUILT_PRODUCTS_DIR; };
		2778F8E426B4065600B45E90 /* EssentialFeedAPIEndToEndTests.swift */ = {isa = PBXFileReference; lastKnownFileType = sourcecode.swift; path = EssentialFeedAPIEndToEndTests.swift; sourceTree = "<group>"; };
		2778F8E626B4065600B45E90 /* Info.plist */ = {isa = PBXFileReference; lastKnownFileType = text.plist.xml; path = Info.plist; sourceTree = "<group>"; };
		278AB2A7279434F200CDC931 /* FeedStore.xcdatamodel */ = {isa = PBXFileReference; lastKnownFileType = wrapper.xcdatamodel; path = FeedStore.xcdatamodel; sourceTree = "<group>"; };
		27E8C768269D628C004D03E2 /* HTTPClientURLSessionTests.swift */ = {isa = PBXFileReference; lastKnownFileType = sourcecode.swift; path = HTTPClientURLSessionTests.swift; sourceTree = "<group>"; };
/* End PBXFileReference section */

/* Begin PBXFrameworksBuildPhase section */
		27373523266B722F008DD992 /* Frameworks */ = {
			isa = PBXFrameworksBuildPhase;
			buildActionMask = 2147483647;
			files = (
			);
			runOnlyForDeploymentPostprocessing = 0;
		};
		2737352C266B722F008DD992 /* Frameworks */ = {
			isa = PBXFrameworksBuildPhase;
			buildActionMask = 2147483647;
			files = (
				27373530266B722F008DD992 /* EssentialFeed.framework in Frameworks */,
			);
			runOnlyForDeploymentPostprocessing = 0;
		};
		2778F8DF26B4065600B45E90 /* Frameworks */ = {
			isa = PBXFrameworksBuildPhase;
			buildActionMask = 2147483647;
			files = (
				2778F8E726B4065600B45E90 /* EssentialFeed.framework in Frameworks */,
			);
			runOnlyForDeploymentPostprocessing = 0;
		};
/* End PBXFrameworksBuildPhase section */

/* Begin PBXGroup section */
		2737351C266B722F008DD992 = {
			isa = PBXGroup;
			children = (
				27373528266B722F008DD992 /* EssentialFeed */,
				27373533266B722F008DD992 /* EssentialFeedTests */,
				2778F8E326B4065600B45E90 /* EssentialFeedAPIEndToEndTests */,
				27373527266B722F008DD992 /* Products */,
			);
			sourceTree = "<group>";
		};
		27373527266B722F008DD992 /* Products */ = {
			isa = PBXGroup;
			children = (
				27373526266B722F008DD992 /* EssentialFeed.framework */,
				2737352F266B722F008DD992 /* EssentialFeedTests.xctest */,
				2778F8E226B4065600B45E90 /* EssentialFeedAPIEndToEndTests.xctest */,
			);
			name = Products;
			sourceTree = "<group>";
		};
		27373528266B722F008DD992 /* EssentialFeed */ = {
			isa = PBXGroup;
			children = (
				2742FDFC26FDE0CF009AE792 /* Feed Cache */,
				2737354B266B873E008DD992 /* Feed API */,
				27373529266B722F008DD992 /* EssentialFeed.h */,
				2737352A266B722F008DD992 /* Info.plist */,
				27373546266B7436008DD992 /* Feed Feature */,
			);
			path = EssentialFeed;
			sourceTree = "<group>";
		};
		27373533266B722F008DD992 /* EssentialFeedTests */ = {
			isa = PBXGroup;
			children = (
				27373534266B722F008DD992 /* EssentialFeedTests.swift */,
				27373536266B722F008DD992 /* Info.plist */,
				2778F8D926B1601D00B45E90 /* Helpers */,
				2742FDF926FDB645009AE792 /* Feed Cache */,
				2752C913267F3996006C7ED0 /* Feed API */,
			);
			path = EssentialFeedTests;
			sourceTree = "<group>";
		};
		27373546266B7436008DD992 /* Feed Feature */ = {
			isa = PBXGroup;
			children = (
				27373542266B730E008DD992 /* FeedImage.swift */,
				27373544266B7343008DD992 /* FeedLoader.swift */,
			);
			path = "Feed Feature";
			sourceTree = "<group>";
		};
		2737354B266B873E008DD992 /* Feed API */ = {
			isa = PBXGroup;
			children = (
				2737354C266B8757008DD992 /* RemoteFeedLoader.swift */,
				2752C911267F2708006C7ED0 /* FeedItemsMapper.swift */,
				27662B6E278C35DF00658061 /* RemoteFeedItem.swift */,
				2752C90F267F26BD006C7ED0 /* HTTPClient.swift */,
				2778F8DC26B18A9A00B45E90 /* URLSessionHTTPClient.swift */,
			);
			path = "Feed API";
			sourceTree = "<group>";
		};
		2742FDF926FDB645009AE792 /* Feed Cache */ = {
			isa = PBXGroup;
			children = (
				274B3B382793FC170010C350 /* FeedStoreSpecs */,
				27662B74278DAE1A00658061 /* Helpers */,
				2742FDFA26FDB669009AE792 /* CacheFeedUseCaseTests.swift */,
				27662B72278D68D800658061 /* LoadFeedFromCacheUseCaseTests.swift */,
				27662B77278EC8C400658061 /* ValidateFeedCacheUseCaseTests.swift */,
				27662B7F279005FA00658061 /* CodableFeedStoreTests.swift */,
				274B3B392794059F0010C350 /* CoreDataFeedStoreTests.swift */,
			);
			path = "Feed Cache";
			sourceTree = "<group>";
		};
		2742FDFC26FDE0CF009AE792 /* Feed Cache */ = {
			isa = PBXGroup;
			children = (
				278AB2A927946C6A00CDC931 /* Infrastructure */,
				2742FDFD26FDE0DB009AE792 /* LocalFeedLoader.swift */,
				27662B7D278EE3B000658061 /* FeedCachePolicy.swift */,
				2742FDFF26FDE164009AE792 /* FeedStore.swift */,
				27662B70278C35FA00658061 /* LocalFeedImage.swift */,
				274B3B2C2792E8DA0010C350 /* CodableFeedStore.swift */,
			);
			path = "Feed Cache";
			sourceTree = "<group>";
		};
		274B3B382793FC170010C350 /* FeedStoreSpecs */ = {
			isa = PBXGroup;
			children = (
				274B3B2E2793F4E70010C350 /* FeedStoreSpecs.swift */,
				274B3B302793F5820010C350 /* XCTestCase+FeedStoreSpecs.swift */,
				274B3B322793FA460010C350 /* XCTestCase+FailableRetrieveFeedStoreSpecs.swift */,
				274B3B342793FAD30010C350 /* XCTestCase+FailableInsertFeedStoreSpecs.swift */,
				274B3B362793FBBC0010C350 /* XCTestCase+FailableDeleteFeedStoreSpecs.swift */,
			);
			path = FeedStoreSpecs;
			sourceTree = "<group>";
		};
		2752C913267F3996006C7ED0 /* Feed API */ = {
			isa = PBXGroup;
			children = (
				27373549266B7EC5008DD992 /* LoadFeedFromRemoteUseCaseTests.swift */,
				27E8C768269D628C004D03E2 /* HTTPClientURLSessionTests.swift */,
			);
			path = "Feed API";
			sourceTree = "<group>";
		};
		27662B74278DAE1A00658061 /* Helpers */ = {
			isa = PBXGroup;
			children = (
				27662B75278DAE3300658061 /* FeedStoreSpy.swift */,
				27662B79278ECDEF00658061 /* FeedCacheTestHelpers.swift */,
			);
			path = Helpers;
			sourceTree = "<group>";
		};
		2778F8D926B1601D00B45E90 /* Helpers */ = {
			isa = PBXGroup;
			children = (
				2778F8DA26B1603B00B45E90 /* XCTTestCaseMemoryLeakTrackingHelper.swift */,
				27662B7B278ECF4800658061 /* SharedTestHelpers.swift */,
			);
			path = Helpers;
			sourceTree = "<group>";
		};
		2778F8E326B4065600B45E90 /* EssentialFeedAPIEndToEndTests */ = {
			isa = PBXGroup;
			children = (
				2778F8E426B4065600B45E90 /* EssentialFeedAPIEndToEndTests.swift */,
				2778F8E626B4065600B45E90 /* Info.plist */,
			);
			path = EssentialFeedAPIEndToEndTests;
			sourceTree = "<group>";
		};
		278AB2A927946C6A00CDC931 /* Infrastructure */ = {
			isa = PBXGroup;
			children = (
				278AB2AA27946C7500CDC931 /* Core Data */,
			);
			path = Infrastructure;
			sourceTree = "<group>";
		};
		278AB2AA27946C7500CDC931 /* Core Data */ = {
			isa = PBXGroup;
			children = (
				274B3B3B27940C220010C350 /* CoreDataFeedStore.swift */,
				278AB2A6279434F200CDC931 /* FeedStore.xcdatamodeld */,
			);
			path = "Core Data";
			sourceTree = "<group>";
		};
/* End PBXGroup section */

/* Begin PBXHeadersBuildPhase section */
		27373521266B722F008DD992 /* Headers */ = {
			isa = PBXHeadersBuildPhase;
			buildActionMask = 2147483647;
			files = (
				27373537266B722F008DD992 /* EssentialFeed.h in Headers */,
			);
			runOnlyForDeploymentPostprocessing = 0;
		};
/* End PBXHeadersBuildPhase section */

/* Begin PBXNativeTarget section */
		27373525266B722F008DD992 /* EssentialFeed */ = {
			isa = PBXNativeTarget;
			buildConfigurationList = 2737353A266B722F008DD992 /* Build configuration list for PBXNativeTarget "EssentialFeed" */;
			buildPhases = (
				27373521266B722F008DD992 /* Headers */,
				27373522266B722F008DD992 /* Sources */,
				27373523266B722F008DD992 /* Frameworks */,
				27373524266B722F008DD992 /* Resources */,
			);
			buildRules = (
			);
			dependencies = (
			);
			name = EssentialFeed;
			productName = EssentialFeed;
			productReference = 27373526266B722F008DD992 /* EssentialFeed.framework */;
			productType = "com.apple.product-type.framework";
		};
		2737352E266B722F008DD992 /* EssentialFeedTests */ = {
			isa = PBXNativeTarget;
			buildConfigurationList = 2737353D266B722F008DD992 /* Build configuration list for PBXNativeTarget "EssentialFeedTests" */;
			buildPhases = (
				2737352B266B722F008DD992 /* Sources */,
				2737352C266B722F008DD992 /* Frameworks */,
				2737352D266B722F008DD992 /* Resources */,
			);
			buildRules = (
			);
			dependencies = (
				27373532266B722F008DD992 /* PBXTargetDependency */,
			);
			name = EssentialFeedTests;
			productName = EssentialFeedTests;
			productReference = 2737352F266B722F008DD992 /* EssentialFeedTests.xctest */;
			productType = "com.apple.product-type.bundle.unit-test";
		};
		2778F8E126B4065600B45E90 /* EssentialFeedAPIEndToEndTests */ = {
			isa = PBXNativeTarget;
			buildConfigurationList = 2778F8EA26B4065600B45E90 /* Build configuration list for PBXNativeTarget "EssentialFeedAPIEndToEndTests" */;
			buildPhases = (
				2778F8DE26B4065600B45E90 /* Sources */,
				2778F8DF26B4065600B45E90 /* Frameworks */,
				2778F8E026B4065600B45E90 /* Resources */,
			);
			buildRules = (
			);
			dependencies = (
				2778F8E926B4065600B45E90 /* PBXTargetDependency */,
			);
			name = EssentialFeedAPIEndToEndTests;
			productName = EssentialFeedAPIEndToEndTests;
			productReference = 2778F8E226B4065600B45E90 /* EssentialFeedAPIEndToEndTests.xctest */;
			productType = "com.apple.product-type.bundle.unit-test";
		};
/* End PBXNativeTarget section */

/* Begin PBXProject section */
		2737351D266B722F008DD992 /* Project object */ = {
			isa = PBXProject;
			attributes = {
				LastSwiftUpdateCheck = 1250;
				LastUpgradeCheck = 1250;
				TargetAttributes = {
					27373525266B722F008DD992 = {
						CreatedOnToolsVersion = 12.5;
						LastSwiftMigration = 1250;
					};
					2737352E266B722F008DD992 = {
						CreatedOnToolsVersion = 12.5;
					};
					2778F8E126B4065600B45E90 = {
						CreatedOnToolsVersion = 12.5;
					};
				};
			};
			buildConfigurationList = 27373520266B722F008DD992 /* Build configuration list for PBXProject "EssentialFeed" */;
			compatibilityVersion = "Xcode 9.3";
			developmentRegion = en;
			hasScannedForEncodings = 0;
			knownRegions = (
				en,
				Base,
			);
			mainGroup = 2737351C266B722F008DD992;
			productRefGroup = 27373527266B722F008DD992 /* Products */;
			projectDirPath = "";
			projectRoot = "";
			targets = (
				27373525266B722F008DD992 /* EssentialFeed */,
				2737352E266B722F008DD992 /* EssentialFeedTests */,
				2778F8E126B4065600B45E90 /* EssentialFeedAPIEndToEndTests */,
			);
		};
/* End PBXProject section */

/* Begin PBXResourcesBuildPhase section */
		27373524266B722F008DD992 /* Resources */ = {
			isa = PBXResourcesBuildPhase;
			buildActionMask = 2147483647;
			files = (
			);
			runOnlyForDeploymentPostprocessing = 0;
		};
		2737352D266B722F008DD992 /* Resources */ = {
			isa = PBXResourcesBuildPhase;
			buildActionMask = 2147483647;
			files = (
			);
			runOnlyForDeploymentPostprocessing = 0;
		};
		2778F8E026B4065600B45E90 /* Resources */ = {
			isa = PBXResourcesBuildPhase;
			buildActionMask = 2147483647;
			files = (
			);
			runOnlyForDeploymentPostprocessing = 0;
		};
/* End PBXResourcesBuildPhase section */

/* Begin PBXSourcesBuildPhase section */
		27373522266B722F008DD992 /* Sources */ = {
			isa = PBXSourcesBuildPhase;
			buildActionMask = 2147483647;
			files = (
				2752C912267F2708006C7ED0 /* FeedItemsMapper.swift in Sources */,
				27373545266B7343008DD992 /* FeedLoader.swift in Sources */,
				27662B6F278C35DF00658061 /* RemoteFeedItem.swift in Sources */,
				27662B7E278EE3B000658061 /* FeedCachePolicy.swift in Sources */,
				2737354D266B8757008DD992 /* RemoteFeedLoader.swift in Sources */,
				278AB2A8279434F200CDC931 /* FeedStore.xcdatamodeld in Sources */,
				27662B71278C35FA00658061 /* LocalFeedImage.swift in Sources */,
				2742FE0026FDE164009AE792 /* FeedStore.swift in Sources */,
				2742FDFE26FDE0DB009AE792 /* LocalFeedLoader.swift in Sources */,
				274B3B2D2792E8DA0010C350 /* CodableFeedStore.swift in Sources */,
				2752C910267F26BD006C7ED0 /* HTTPClient.swift in Sources */,
				27373543266B730E008DD992 /* FeedImage.swift in Sources */,
				2778F8DD26B18A9A00B45E90 /* URLSessionHTTPClient.swift in Sources */,
				274B3B3C27940C220010C350 /* CoreDataFeedStore.swift in Sources */,
			);
			runOnlyForDeploymentPostprocessing = 0;
		};
		2737352B266B722F008DD992 /* Sources */ = {
			isa = PBXSourcesBuildPhase;
			buildActionMask = 2147483647;
			files = (
				274B3B312793F5820010C350 /* XCTestCase+FeedStoreSpecs.swift in Sources */,
				27662B80279005FA00658061 /* CodableFeedStoreTests.swift in Sources */,
				2778F8DB26B1603B00B45E90 /* XCTTestCaseMemoryLeakTrackingHelper.swift in Sources */,
				274B3B3A2794059F0010C350 /* CoreDataFeedStoreTests.swift in Sources */,
				274B3B332793FA460010C350 /* XCTestCase+FailableRetrieveFeedStoreSpecs.swift in Sources */,
				27E8C769269D628C004D03E2 /* HTTPClientURLSessionTests.swift in Sources */,
				27662B7C278ECF4800658061 /* SharedTestHelpers.swift in Sources */,
				2737354A266B7EC5008DD992 /* LoadFeedFromRemoteUseCaseTests.swift in Sources */,
				2742FDFB26FDB669009AE792 /* CacheFeedUseCaseTests.swift in Sources */,
				27662B7A278ECDEF00658061 /* FeedCacheTestHelpers.swift in Sources */,
				27662B78278EC8C400658061 /* ValidateFeedCacheUseCaseTests.swift in Sources */,
				27662B76278DAE3300658061 /* FeedStoreSpy.swift in Sources */,
				27662B73278D68D800658061 /* LoadFeedFromCacheUseCaseTests.swift in Sources */,
				274B3B372793FBBC0010C350 /* XCTestCase+FailableDeleteFeedStoreSpecs.swift in Sources */,
				274B3B2F2793F4E70010C350 /* FeedStoreSpecs.swift in Sources */,
				27373535266B722F008DD992 /* EssentialFeedTests.swift in Sources */,
				274B3B352793FAD30010C350 /* XCTestCase+FailableInsertFeedStoreSpecs.swift in Sources */,
			);
			runOnlyForDeploymentPostprocessing = 0;
		};
		2778F8DE26B4065600B45E90 /* Sources */ = {
			isa = PBXSourcesBuildPhase;
			buildActionMask = 2147483647;
			files = (
				2778F8ED26B80B1C00B45E90 /* XCTTestCaseMemoryLeakTrackingHelper.swift in Sources */,
				2778F8E526B4065600B45E90 /* EssentialFeedAPIEndToEndTests.swift in Sources */,
			);
			runOnlyForDeploymentPostprocessing = 0;
		};
/* End PBXSourcesBuildPhase section */

/* Begin PBXTargetDependency section */
		27373532266B722F008DD992 /* PBXTargetDependency */ = {
			isa = PBXTargetDependency;
			target = 27373525266B722F008DD992 /* EssentialFeed */;
			targetProxy = 27373531266B722F008DD992 /* PBXContainerItemProxy */;
		};
		2778F8E926B4065600B45E90 /* PBXTargetDependency */ = {
			isa = PBXTargetDependency;
			target = 27373525266B722F008DD992 /* EssentialFeed */;
			targetProxy = 2778F8E826B4065600B45E90 /* PBXContainerItemProxy */;
		};
/* End PBXTargetDependency section */

/* Begin XCBuildConfiguration section */
		27373538266B722F008DD992 /* Debug */ = {
			isa = XCBuildConfiguration;
			buildSettings = {
				ALWAYS_SEARCH_USER_PATHS = NO;
				CLANG_ANALYZER_NONNULL = YES;
				CLANG_ANALYZER_NUMBER_OBJECT_CONVERSION = YES_AGGRESSIVE;
				CLANG_CXX_LANGUAGE_STANDARD = "gnu++14";
				CLANG_CXX_LIBRARY = "libc++";
				CLANG_ENABLE_MODULES = YES;
				CLANG_ENABLE_OBJC_ARC = YES;
				CLANG_ENABLE_OBJC_WEAK = YES;
				CLANG_WARN_BLOCK_CAPTURE_AUTORELEASING = YES;
				CLANG_WARN_BOOL_CONVERSION = YES;
				CLANG_WARN_COMMA = YES;
				CLANG_WARN_CONSTANT_CONVERSION = YES;
				CLANG_WARN_DEPRECATED_OBJC_IMPLEMENTATIONS = YES;
				CLANG_WARN_DIRECT_OBJC_ISA_USAGE = YES_ERROR;
				CLANG_WARN_DOCUMENTATION_COMMENTS = YES;
				CLANG_WARN_EMPTY_BODY = YES;
				CLANG_WARN_ENUM_CONVERSION = YES;
				CLANG_WARN_INFINITE_RECURSION = YES;
				CLANG_WARN_INT_CONVERSION = YES;
				CLANG_WARN_NON_LITERAL_NULL_CONVERSION = YES;
				CLANG_WARN_OBJC_IMPLICIT_RETAIN_SELF = YES;
				CLANG_WARN_OBJC_LITERAL_CONVERSION = YES;
				CLANG_WARN_OBJC_ROOT_CLASS = YES_ERROR;
				CLANG_WARN_QUOTED_INCLUDE_IN_FRAMEWORK_HEADER = YES;
				CLANG_WARN_RANGE_LOOP_ANALYSIS = YES;
				CLANG_WARN_STRICT_PROTOTYPES = YES;
				CLANG_WARN_SUSPICIOUS_MOVE = YES;
				CLANG_WARN_UNGUARDED_AVAILABILITY = YES_AGGRESSIVE;
				CLANG_WARN_UNREACHABLE_CODE = YES;
				CLANG_WARN__DUPLICATE_METHOD_MATCH = YES;
				COPY_PHASE_STRIP = NO;
				CURRENT_PROJECT_VERSION = 1;
				DEBUG_INFORMATION_FORMAT = dwarf;
				ENABLE_STRICT_OBJC_MSGSEND = YES;
				ENABLE_TESTABILITY = YES;
				GCC_C_LANGUAGE_STANDARD = gnu11;
				GCC_DYNAMIC_NO_PIC = NO;
				GCC_NO_COMMON_BLOCKS = YES;
				GCC_OPTIMIZATION_LEVEL = 0;
				GCC_PREPROCESSOR_DEFINITIONS = (
					"DEBUG=1",
					"$(inherited)",
				);
				GCC_WARN_64_TO_32_BIT_CONVERSION = YES;
				GCC_WARN_ABOUT_RETURN_TYPE = YES_ERROR;
				GCC_WARN_UNDECLARED_SELECTOR = YES;
				GCC_WARN_UNINITIALIZED_AUTOS = YES_AGGRESSIVE;
				GCC_WARN_UNUSED_FUNCTION = YES;
				GCC_WARN_UNUSED_VARIABLE = YES;
				MACOSX_DEPLOYMENT_TARGET = 11.0;
				MTL_ENABLE_DEBUG_INFO = INCLUDE_SOURCE;
				MTL_FAST_MATH = YES;
				ONLY_ACTIVE_ARCH = YES;
				SDKROOT = macosx;
				SWIFT_ACTIVE_COMPILATION_CONDITIONS = DEBUG;
				SWIFT_OPTIMIZATION_LEVEL = "-Onone";
				VERSIONING_SYSTEM = "apple-generic";
				VERSION_INFO_PREFIX = "";
			};
			name = Debug;
		};
		27373539266B722F008DD992 /* Release */ = {
			isa = XCBuildConfiguration;
			buildSettings = {
				ALWAYS_SEARCH_USER_PATHS = NO;
				CLANG_ANALYZER_NONNULL = YES;
				CLANG_ANALYZER_NUMBER_OBJECT_CONVERSION = YES_AGGRESSIVE;
				CLANG_CXX_LANGUAGE_STANDARD = "gnu++14";
				CLANG_CXX_LIBRARY = "libc++";
				CLANG_ENABLE_MODULES = YES;
				CLANG_ENABLE_OBJC_ARC = YES;
				CLANG_ENABLE_OBJC_WEAK = YES;
				CLANG_WARN_BLOCK_CAPTURE_AUTORELEASING = YES;
				CLANG_WARN_BOOL_CONVERSION = YES;
				CLANG_WARN_COMMA = YES;
				CLANG_WARN_CONSTANT_CONVERSION = YES;
				CLANG_WARN_DEPRECATED_OBJC_IMPLEMENTATIONS = YES;
				CLANG_WARN_DIRECT_OBJC_ISA_USAGE = YES_ERROR;
				CLANG_WARN_DOCUMENTATION_COMMENTS = YES;
				CLANG_WARN_EMPTY_BODY = YES;
				CLANG_WARN_ENUM_CONVERSION = YES;
				CLANG_WARN_INFINITE_RECURSION = YES;
				CLANG_WARN_INT_CONVERSION = YES;
				CLANG_WARN_NON_LITERAL_NULL_CONVERSION = YES;
				CLANG_WARN_OBJC_IMPLICIT_RETAIN_SELF = YES;
				CLANG_WARN_OBJC_LITERAL_CONVERSION = YES;
				CLANG_WARN_OBJC_ROOT_CLASS = YES_ERROR;
				CLANG_WARN_QUOTED_INCLUDE_IN_FRAMEWORK_HEADER = YES;
				CLANG_WARN_RANGE_LOOP_ANALYSIS = YES;
				CLANG_WARN_STRICT_PROTOTYPES = YES;
				CLANG_WARN_SUSPICIOUS_MOVE = YES;
				CLANG_WARN_UNGUARDED_AVAILABILITY = YES_AGGRESSIVE;
				CLANG_WARN_UNREACHABLE_CODE = YES;
				CLANG_WARN__DUPLICATE_METHOD_MATCH = YES;
				COPY_PHASE_STRIP = NO;
				CURRENT_PROJECT_VERSION = 1;
				DEBUG_INFORMATION_FORMAT = "dwarf-with-dsym";
				ENABLE_NS_ASSERTIONS = NO;
				ENABLE_STRICT_OBJC_MSGSEND = YES;
				GCC_C_LANGUAGE_STANDARD = gnu11;
				GCC_NO_COMMON_BLOCKS = YES;
				GCC_WARN_64_TO_32_BIT_CONVERSION = YES;
				GCC_WARN_ABOUT_RETURN_TYPE = YES_ERROR;
				GCC_WARN_UNDECLARED_SELECTOR = YES;
				GCC_WARN_UNINITIALIZED_AUTOS = YES_AGGRESSIVE;
				GCC_WARN_UNUSED_FUNCTION = YES;
				GCC_WARN_UNUSED_VARIABLE = YES;
				MACOSX_DEPLOYMENT_TARGET = 11.0;
				MTL_ENABLE_DEBUG_INFO = NO;
				MTL_FAST_MATH = YES;
				SDKROOT = macosx;
				SWIFT_COMPILATION_MODE = wholemodule;
				SWIFT_OPTIMIZATION_LEVEL = "-O";
				VERSIONING_SYSTEM = "apple-generic";
				VERSION_INFO_PREFIX = "";
			};
			name = Release;
		};
		2737353B266B722F008DD992 /* Debug */ = {
			isa = XCBuildConfiguration;
			buildSettings = {
				CLANG_ENABLE_MODULES = YES;
				CODE_SIGN_STYLE = Automatic;
				COMBINE_HIDPI_IMAGES = YES;
				DEFINES_MODULE = YES;
				DEVELOPMENT_TEAM = VL7L7BNB3W;
				DYLIB_COMPATIBILITY_VERSION = 1;
				DYLIB_CURRENT_VERSION = 1;
				DYLIB_INSTALL_NAME_BASE = "@rpath";
				INFOPLIST_FILE = EssentialFeed/Info.plist;
				INSTALL_PATH = "$(LOCAL_LIBRARY_DIR)/Frameworks";
				LD_RUNPATH_SEARCH_PATHS = (
					"$(inherited)",
					"@executable_path/../Frameworks",
					"@loader_path/Frameworks",
				);
				MACOSX_DEPLOYMENT_TARGET = 10.15;
				PRODUCT_BUNDLE_IDENTIFIER = com.pavanpowani.EssentialFeed;
				PRODUCT_NAME = "$(TARGET_NAME:c99extidentifier)";
				SKIP_INSTALL = YES;
				SWIFT_OPTIMIZATION_LEVEL = "-Onone";
				SWIFT_VERSION = 5.0;
			};
			name = Debug;
		};
		2737353C266B722F008DD992 /* Release */ = {
			isa = XCBuildConfiguration;
			buildSettings = {
				CLANG_ENABLE_MODULES = YES;
				CODE_SIGN_STYLE = Automatic;
				COMBINE_HIDPI_IMAGES = YES;
				DEFINES_MODULE = YES;
				DEVELOPMENT_TEAM = VL7L7BNB3W;
				DYLIB_COMPATIBILITY_VERSION = 1;
				DYLIB_CURRENT_VERSION = 1;
				DYLIB_INSTALL_NAME_BASE = "@rpath";
				INFOPLIST_FILE = EssentialFeed/Info.plist;
				INSTALL_PATH = "$(LOCAL_LIBRARY_DIR)/Frameworks";
				LD_RUNPATH_SEARCH_PATHS = (
					"$(inherited)",
					"@executable_path/../Frameworks",
					"@loader_path/Frameworks",
				);
				MACOSX_DEPLOYMENT_TARGET = 10.15;
				PRODUCT_BUNDLE_IDENTIFIER = com.pavanpowani.EssentialFeed;
				PRODUCT_NAME = "$(TARGET_NAME:c99extidentifier)";
				SKIP_INSTALL = YES;
				SWIFT_VERSION = 5.0;
			};
			name = Release;
		};
		2737353E266B722F008DD992 /* Debug */ = {
			isa = XCBuildConfiguration;
			buildSettings = {
				ALWAYS_EMBED_SWIFT_STANDARD_LIBRARIES = YES;
				CODE_SIGN_STYLE = Automatic;
				COMBINE_HIDPI_IMAGES = YES;
				DEVELOPMENT_TEAM = VL7L7BNB3W;
				INFOPLIST_FILE = EssentialFeedTests/Info.plist;
				LD_RUNPATH_SEARCH_PATHS = (
					"$(inherited)",
					"@executable_path/../Frameworks",
					"@loader_path/../Frameworks",
				);
				PRODUCT_BUNDLE_IDENTIFIER = com.pavanpowani.EssentialFeedTests;
				PRODUCT_NAME = "$(TARGET_NAME)";
				SWIFT_VERSION = 5.0;
			};
			name = Debug;
		};
		2737353F266B722F008DD992 /* Release */ = {
			isa = XCBuildConfiguration;
			buildSettings = {
				ALWAYS_EMBED_SWIFT_STANDARD_LIBRARIES = YES;
				CODE_SIGN_STYLE = Automatic;
				COMBINE_HIDPI_IMAGES = YES;
				DEVELOPMENT_TEAM = VL7L7BNB3W;
				INFOPLIST_FILE = EssentialFeedTests/Info.plist;
				LD_RUNPATH_SEARCH_PATHS = (
					"$(inherited)",
					"@executable_path/../Frameworks",
					"@loader_path/../Frameworks",
				);
				PRODUCT_BUNDLE_IDENTIFIER = com.pavanpowani.EssentialFeedTests;
				PRODUCT_NAME = "$(TARGET_NAME)";
				SWIFT_VERSION = 5.0;
			};
			name = Release;
		};
		2778F8EB26B4065600B45E90 /* Debug */ = {
			isa = XCBuildConfiguration;
			buildSettings = {
				CODE_SIGN_STYLE = Automatic;
				COMBINE_HIDPI_IMAGES = YES;
				DEVELOPMENT_TEAM = VL7L7BNB3W;
				INFOPLIST_FILE = EssentialFeedAPIEndToEndTests/Info.plist;
				LD_RUNPATH_SEARCH_PATHS = (
					"$(inherited)",
					"@executable_path/../Frameworks",
					"@loader_path/../Frameworks",
				);
				PRODUCT_BUNDLE_IDENTIFIER = com.pavanpowani.EssentialFeedAPIEndToEndTests;
				PRODUCT_NAME = "$(TARGET_NAME)";
				SWIFT_VERSION = 5.0;
			};
			name = Debug;
		};
		2778F8EC26B4065600B45E90 /* Release */ = {
			isa = XCBuildConfiguration;
			buildSettings = {
				CODE_SIGN_STYLE = Automatic;
				COMBINE_HIDPI_IMAGES = YES;
				DEVELOPMENT_TEAM = VL7L7BNB3W;
				INFOPLIST_FILE = EssentialFeedAPIEndToEndTests/Info.plist;
				LD_RUNPATH_SEARCH_PATHS = (
					"$(inherited)",
					"@executable_path/../Frameworks",
					"@loader_path/../Frameworks",
				);
				PRODUCT_BUNDLE_IDENTIFIER = com.pavanpowani.EssentialFeedAPIEndToEndTests;
				PRODUCT_NAME = "$(TARGET_NAME)";
				SWIFT_VERSION = 5.0;
			};
			name = Release;
		};
/* End XCBuildConfiguration section */

/* Begin XCConfigurationList section */
		27373520266B722F008DD992 /* Build configuration list for PBXProject "EssentialFeed" */ = {
			isa = XCConfigurationList;
			buildConfigurations = (
				27373538266B722F008DD992 /* Debug */,
				27373539266B722F008DD992 /* Release */,
			);
			defaultConfigurationIsVisible = 0;
			defaultConfigurationName = Release;
		};
		2737353A266B722F008DD992 /* Build configuration list for PBXNativeTarget "EssentialFeed" */ = {
			isa = XCConfigurationList;
			buildConfigurations = (
				2737353B266B722F008DD992 /* Debug */,
				2737353C266B722F008DD992 /* Release */,
			);
			defaultConfigurationIsVisible = 0;
			defaultConfigurationName = Release;
		};
		2737353D266B722F008DD992 /* Build configuration list for PBXNativeTarget "EssentialFeedTests" */ = {
			isa = XCConfigurationList;
			buildConfigurations = (
				2737353E266B722F008DD992 /* Debug */,
				2737353F266B722F008DD992 /* Release */,
			);
			defaultConfigurationIsVisible = 0;
			defaultConfigurationName = Release;
		};
		2778F8EA26B4065600B45E90 /* Build configuration list for PBXNativeTarget "EssentialFeedAPIEndToEndTests" */ = {
			isa = XCConfigurationList;
			buildConfigurations = (
				2778F8EB26B4065600B45E90 /* Debug */,
				2778F8EC26B4065600B45E90 /* Release */,
			);
			defaultConfigurationIsVisible = 0;
			defaultConfigurationName = Release;
		};
/* End XCConfigurationList section */

/* Begin XCVersionGroup section */
		278AB2A6279434F200CDC931 /* FeedStore.xcdatamodeld */ = {
			isa = XCVersionGroup;
			children = (
				278AB2A7279434F200CDC931 /* FeedStore.xcdatamodel */,
			);
			currentVersion = 278AB2A7279434F200CDC931 /* FeedStore.xcdatamodel */;
			path = FeedStore.xcdatamodeld;
			sourceTree = "<group>";
			versionGroupType = wrapper.xcdatamodel;
		};
/* End XCVersionGroup section */
	};
	rootObject = 2737351D266B722F008DD992 /* Project object */;
}
